// !$*UTF8*$!
{
	archiveVersion = 1;
	classes = {
	};
	objectVersion = 46;
	objects = {

/* Begin PBXBuildFile section */
		3F1C56861C18BE8F00290638 /* main.m in Sources */ = {isa = PBXBuildFile; fileRef = 3F1C56851C18BE8F00290638 /* main.m */; };
		3F1C56891C18BE8F00290638 /* AppDelegate.m in Sources */ = {isa = PBXBuildFile; fileRef = 3F1C56881C18BE8F00290638 /* AppDelegate.m */; };
		3F1C568C1C18BE8F00290638 /* ViewController.m in Sources */ = {isa = PBXBuildFile; fileRef = 3F1C568B1C18BE8F00290638 /* ViewController.m */; };
		3F1C568F1C18BE8F00290638 /* Main.storyboard in Resources */ = {isa = PBXBuildFile; fileRef = 3F1C568D1C18BE8F00290638 /* Main.storyboard */; };
		3F1C56911C18BE8F00290638 /* Images.xcassets in Resources */ = {isa = PBXBuildFile; fileRef = 3F1C56901C18BE8F00290638 /* Images.xcassets */; };
		3F1C56941C18BE8F00290638 /* LaunchScreen.xib in Resources */ = {isa = PBXBuildFile; fileRef = 3F1C56921C18BE8F00290638 /* LaunchScreen.xib */; };
		3F1C56A01C18BE9000290638 /* NewsListTests.m in Sources */ = {isa = PBXBuildFile; fileRef = 3F1C569F1C18BE9000290638 /* NewsListTests.m */; };
		3F1C56AD1C18BF7100290638 /* FirstViewController.m in Sources */ = {isa = PBXBuildFile; fileRef = 3F1C56AC1C18BF7100290638 /* FirstViewController.m */; };
		3F1C56B31C18C02800290638 /* TableViewCell.m in Sources */ = {isa = PBXBuildFile; fileRef = 3F1C56B21C18C02800290638 /* TableViewCell.m */; };
		3F1C56BA1C18CD7700290638 /* News.m in Sources */ = {isa = PBXBuildFile; fileRef = 3F1C56B91C18CD7700290638 /* News.m */; };
		3FC3FF081C1A07A10092220F /* ResultViewController.m in Sources */ = {isa = PBXBuildFile; fileRef = 3FC3FF071C1A07A10092220F /* ResultViewController.m */; };
/* End PBXBuildFile section */

/* Begin PBXContainerItemProxy section */
		3F1C569A1C18BE9000290638 /* PBXContainerItemProxy */ = {
			isa = PBXContainerItemProxy;
			containerPortal = 3F1C56781C18BE8F00290638 /* Project object */;
			proxyType = 1;
			remoteGlobalIDString = 3F1C567F1C18BE8F00290638;
			remoteInfo = NewsList;
		};
/* End PBXContainerItemProxy section */

/* Begin PBXFileReference section */
		3F1C56801C18BE8F00290638 /* NewsList.app */ = {isa = PBXFileReference; explicitFileType = wrapper.application; includeInIndex = 0; path = NewsList.app; sourceTree = BUILT_PRODUCTS_DIR; };
		3F1C56841C18BE8F00290638 /* Info.plist */ = {isa = PBXFileReference; lastKnownFileType = text.plist.xml; path = Info.plist; sourceTree = "<group>"; };
		3F1C56851C18BE8F00290638 /* main.m */ = {isa = PBXFileReference; lastKnownFileType = sourcecode.c.objc; path = main.m; sourceTree = "<group>"; };
		3F1C56871C18BE8F00290638 /* AppDelegate.h */ = {isa = PBXFileReference; lastKnownFileType = sourcecode.c.h; path = AppDelegate.h; sourceTree = "<group>"; };
		3F1C56881C18BE8F00290638 /* AppDelegate.m */ = {isa = PBXFileReference; lastKnownFileType = sourcecode.c.objc; path = AppDelegate.m; sourceTree = "<group>"; };
		3F1C568A1C18BE8F00290638 /* ViewController.h */ = {isa = PBXFileReference; lastKnownFileType = sourcecode.c.h; path = ViewController.h; sourceTree = "<group>"; };
		3F1C568B1C18BE8F00290638 /* ViewController.m */ = {isa = PBXFileReference; lastKnownFileType = sourcecode.c.objc; path = ViewController.m; sourceTree = "<group>"; };
		3F1C568E1C18BE8F00290638 /* Base */ = {isa = PBXFileReference; lastKnownFileType = file.storyboard; name = Base; path = Base.lproj/Main.storyboard; sourceTree = "<group>"; };
		3F1C56901C18BE8F00290638 /* Images.xcassets */ = {isa = PBXFileReference; lastKnownFileType = folder.assetcatalog; path = Images.xcassets; sourceTree = "<group>"; };
		3F1C56931C18BE8F00290638 /* Base */ = {isa = PBXFileReference; lastKnownFileType = file.xib; name = Base; path = Base.lproj/LaunchScreen.xib; sourceTree = "<group>"; };
		3F1C56991C18BE9000290638 /* NewsListTests.xctest */ = {isa = PBXFileReference; explicitFileType = wrapper.cfbundle; includeInIndex = 0; path = NewsListTests.xctest; sourceTree = BUILT_PRODUCTS_DIR; };
		3F1C569E1C18BE9000290638 /* Info.plist */ = {isa = PBXFileReference; lastKnownFileType = text.plist.xml; path = Info.plist; sourceTree = "<group>"; };
		3F1C569F1C18BE9000290638 /* NewsListTests.m */ = {isa = PBXFileReference; lastKnownFileType = sourcecode.c.objc; path = NewsListTests.m; sourceTree = "<group>"; };
		3F1C56AB1C18BF7100290638 /* FirstViewController.h */ = {isa = PBXFileReference; fileEncoding = 4; lastKnownFileType = sourcecode.c.h; path = FirstViewController.h; sourceTree = "<group>"; };
		3F1C56AC1C18BF7100290638 /* FirstViewController.m */ = {isa = PBXFileReference; fileEncoding = 4; lastKnownFileType = sourcecode.c.objc; path = FirstViewController.m; sourceTree = "<group>"; };
		3F1C56B11C18C02800290638 /* TableViewCell.h */ = {isa = PBXFileReference; fileEncoding = 4; lastKnownFileType = sourcecode.c.h; path = TableViewCell.h; sourceTree = "<group>"; };
		3F1C56B21C18C02800290638 /* TableViewCell.m */ = {isa = PBXFileReference; fileEncoding = 4; lastKnownFileType = sourcecode.c.objc; path = TableViewCell.m; sourceTree = "<group>"; };
		3F1C56B81C18CD7700290638 /* News.h */ = {isa = PBXFileReference; fileEncoding = 4; lastKnownFileType = sourcecode.c.h; path = News.h; sourceTree = "<group>"; };
		3F1C56B91C18CD7700290638 /* News.m */ = {isa = PBXFileReference; fileEncoding = 4; lastKnownFileType = sourcecode.c.objc; path = News.m; sourceTree = "<group>"; };
		3FC3FF061C1A07A10092220F /* ResultViewController.h */ = {isa = PBXFileReference; fileEncoding = 4; lastKnownFileType = sourcecode.c.h; path = ResultViewController.h; sourceTree = "<group>"; };
		3FC3FF071C1A07A10092220F /* ResultViewController.m */ = {isa = PBXFileReference; fileEncoding = 4; lastKnownFileType = sourcecode.c.objc; path = ResultViewController.m; sourceTree = "<group>"; };
/* End PBXFileReference section */

/* Begin PBXFrameworksBuildPhase section */
		3F1C567D1C18BE8F00290638 /* Frameworks */ = {
			isa = PBXFrameworksBuildPhase;
			buildActionMask = 2147483647;
			files = (
			);
			runOnlyForDeploymentPostprocessing = 0;
		};
		3F1C56961C18BE9000290638 /* Frameworks */ = {
			isa = PBXFrameworksBuildPhase;
			buildActionMask = 2147483647;
			files = (
			);
			runOnlyForDeploymentPostprocessing = 0;
		};
/* End PBXFrameworksBuildPhase section */

/* Begin PBXGroup section */
		3F1C56771C18BE8F00290638 = {
			isa = PBXGroup;
			children = (
				3F1C56821C18BE8F00290638 /* NewsList */,
				3F1C569C1C18BE9000290638 /* NewsListTests */,
				3F1C56811C18BE8F00290638 /* Products */,
			);
			sourceTree = "<group>";
		};
		3F1C56811C18BE8F00290638 /* Products */ = {
			isa = PBXGroup;
			children = (
				3F1C56801C18BE8F00290638 /* NewsList.app */,
				3F1C56991C18BE9000290638 /* NewsListTests.xctest */,
			);
			name = Products;
			sourceTree = "<group>";
		};
		3F1C56821C18BE8F00290638 /* NewsList */ = {
			isa = PBXGroup;
			children = (
				3F1C56B41C18C8C400290638 /* Model */,
				3F1C56AA1C18BEA500290638 /* Controller */,
				3F1C56A91C18BE9B00290638 /* View */,
				3F1C56871C18BE8F00290638 /* AppDelegate.h */,
				3F1C56881C18BE8F00290638 /* AppDelegate.m */,
				3F1C568A1C18BE8F00290638 /* ViewController.h */,
				3F1C568B1C18BE8F00290638 /* ViewController.m */,
				3F1C56901C18BE8F00290638 /* Images.xcassets */,
				3F1C56921C18BE8F00290638 /* LaunchScreen.xib */,
				3F1C56831C18BE8F00290638 /* Supporting Files */,
			);
			path = NewsList;
			sourceTree = "<group>";
		};
		3F1C56831C18BE8F00290638 /* Supporting Files */ = {
			isa = PBXGroup;
			children = (
				3F1C56841C18BE8F00290638 /* Info.plist */,
				3F1C56851C18BE8F00290638 /* main.m */,
			);
			name = "Supporting Files";
			sourceTree = "<group>";
		};
		3F1C569C1C18BE9000290638 /* NewsListTests */ = {
			isa = PBXGroup;
			children = (
				3F1C569F1C18BE9000290638 /* NewsListTests.m */,
				3F1C569D1C18BE9000290638 /* Supporting Files */,
			);
			path = NewsListTests;
			sourceTree = "<group>";
		};
		3F1C569D1C18BE9000290638 /* Supporting Files */ = {
			isa = PBXGroup;
			children = (
				3F1C569E1C18BE9000290638 /* Info.plist */,
			);
			name = "Supporting Files";
			sourceTree = "<group>";
		};
		3F1C56A91C18BE9B00290638 /* View */ = {
			isa = PBXGroup;
			children = (
				3F1C568D1C18BE8F00290638 /* Main.storyboard */,
			);
			name = View;
			sourceTree = "<group>";
		};
		3F1C56AA1C18BEA500290638 /* Controller */ = {
			isa = PBXGroup;
			children = (
				3F1C56AB1C18BF7100290638 /* FirstViewController.h */,
				3F1C56B11C18C02800290638 /* TableViewCell.h */,
				3F1C56B21C18C02800290638 /* TableViewCell.m */,
				3F1C56AC1C18BF7100290638 /* FirstViewController.m */,
				3FC3FF061C1A07A10092220F /* ResultViewController.h */,
				3FC3FF071C1A07A10092220F /* ResultViewController.m */,
			);
			name = Controller;
			sourceTree = "<group>";
		};
		3F1C56B41C18C8C400290638 /* Model */ = {
			isa = PBXGroup;
			children = (
				3F1C56B81C18CD7700290638 /* News.h */,
				3F1C56B91C18CD7700290638 /* News.m */,
			);
			name = Model;
			sourceTree = "<group>";
		};
/* End PBXGroup section */

/* Begin PBXNativeTarget section */
		3F1C567F1C18BE8F00290638 /* NewsList */ = {
			isa = PBXNativeTarget;
			buildConfigurationList = 3F1C56A31C18BE9000290638 /* Build configuration list for PBXNativeTarget "NewsList" */;
			buildPhases = (
				3F1C567C1C18BE8F00290638 /* Sources */,
				3F1C567D1C18BE8F00290638 /* Frameworks */,
				3F1C567E1C18BE8F00290638 /* Resources */,
			);
			buildRules = (
			);
			dependencies = (
			);
			name = NewsList;
			productName = NewsList;
			productReference = 3F1C56801C18BE8F00290638 /* NewsList.app */;
			productType = "com.apple.product-type.application";
		};
		3F1C56981C18BE9000290638 /* NewsListTests */ = {
			isa = PBXNativeTarget;
			buildConfigurationList = 3F1C56A61C18BE9000290638 /* Build configuration list for PBXNativeTarget "NewsListTests" */;
			buildPhases = (
				3F1C56951C18BE9000290638 /* Sources */,
				3F1C56961C18BE9000290638 /* Frameworks */,
				3F1C56971C18BE9000290638 /* Resources */,
			);
			buildRules = (
			);
			dependencies = (
				3F1C569B1C18BE9000290638 /* PBXTargetDependency */,
			);
			name = NewsListTests;
			productName = NewsListTests;
			productReference = 3F1C56991C18BE9000290638 /* NewsListTests.xctest */;
			productType = "com.apple.product-type.bundle.unit-test";
		};
/* End PBXNativeTarget section */

/* Begin PBXProject section */
		3F1C56781C18BE8F00290638 /* Project object */ = {
			isa = PBXProject;
			attributes = {
				LastUpgradeCheck = 0640;
				ORGANIZATIONNAME = Adema;
				TargetAttributes = {
					3F1C567F1C18BE8F00290638 = {
						CreatedOnToolsVersion = 6.4;
					};
					3F1C56981C18BE9000290638 = {
						CreatedOnToolsVersion = 6.4;
						TestTargetID = 3F1C567F1C18BE8F00290638;
					};
				};
			};
			buildConfigurationList = 3F1C567B1C18BE8F00290638 /* Build configuration list for PBXProject "NewsList" */;
			compatibilityVersion = "Xcode 3.2";
			developmentRegion = English;
			hasScannedForEncodings = 0;
			knownRegions = (
				en,
				Base,
			);
			mainGroup = 3F1C56771C18BE8F00290638;
			productRefGroup = 3F1C56811C18BE8F00290638 /* Products */;
			projectDirPath = "";
			projectRoot = "";
			targets = (
				3F1C567F1C18BE8F00290638 /* NewsList */,
				3F1C56981C18BE9000290638 /* NewsListTests */,
			);
		};
/* End PBXProject section */

/* Begin PBXResourcesBuildPhase section */
		3F1C567E1C18BE8F00290638 /* Resources */ = {
			isa = PBXResourcesBuildPhase;
			buildActionMask = 2147483647;
			files = (
				3F1C568F1C18BE8F00290638 /* Main.storyboard in Resources */,
				3F1C56941C18BE8F00290638 /* LaunchScreen.xib in Resources */,
				3F1C56911C18BE8F00290638 /* Images.xcassets in Resources */,
			);
			runOnlyForDeploymentPostprocessing = 0;
		};
		3F1C56971C18BE9000290638 /* Resources */ = {
			isa = PBXResourcesBuildPhase;
			buildActionMask = 2147483647;
			files = (
			);
			runOnlyForDeploymentPostprocessing = 0;
		};
/* End PBXResourcesBuildPhase section */

/* Begin PBXSourcesBuildPhase section */
		3F1C567C1C18BE8F00290638 /* Sources */ = {
			isa = PBXSourcesBuildPhase;
			buildActionMask = 2147483647;
			files = (
				3F1C568C1C18BE8F00290638 /* ViewController.m in Sources */,
				3F1C56BA1C18CD7700290638 /* News.m in Sources */,
				3F1C56891C18BE8F00290638 /* AppDelegate.m in Sources */,
				3F1C56861C18BE8F00290638 /* main.m in Sources */,
				3F1C56B31C18C02800290638 /* TableViewCell.m in Sources */,
				3F1C56AD1C18BF7100290638 /* FirstViewController.m in Sources */,
				3FC3FF081C1A07A10092220F /* ResultViewController.m in Sources */,
			);
			runOnlyForDeploymentPostprocessing = 0;
		};
		3F1C56951C18BE9000290638 /* Sources */ = {
			isa = PBXSourcesBuildPhase;
			buildActionMask = 2147483647;
			files = (
				3F1C56A01C18BE9000290638 /* NewsListTests.m in Sources */,
			);
			runOnlyForDeploymentPostprocessing = 0;
		};
/* End PBXSourcesBuildPhase section */

/* Begin PBXTargetDependency section */
		3F1C569B1C18BE9000290638 /* PBXTargetDependency */ = {
			isa = PBXTargetDependency;
			target = 3F1C567F1C18BE8F00290638 /* NewsList */;
			targetProxy = 3F1C569A1C18BE9000290638 /* PBXContainerItemProxy */;
		};
/* End PBXTargetDependency section */

/* Begin PBXVariantGroup section */
		3F1C568D1C18BE8F00290638 /* Main.storyboard */ = {
			isa = PBXVariantGroup;
			children = (
				3F1C568E1C18BE8F00290638 /* Base */,
			);
			name = Main.storyboard;
			sourceTree = "<group>";
		};
		3F1C56921C18BE8F00290638 /* LaunchScreen.xib */ = {
			isa = PBXVariantGroup;
			children = (
				3F1C56931C18BE8F00290638 /* Base */,
			);
			name = LaunchScreen.xib;
			sourceTree = "<group>";
		};
/* End PBXVariantGroup section */

/* Begin XCBuildConfiguration section */
		3F1C56A11C18BE9000290638 /* Debug */ = {
			isa = XCBuildConfiguration;
			buildSettings = {
				ALWAYS_SEARCH_USER_PATHS = NO;
				CLANG_CXX_LANGUAGE_STANDARD = "gnu++0x";
				CLANG_CXX_LIBRARY = "libc++";
				CLANG_ENABLE_MODULES = YES;
				CLANG_ENABLE_OBJC_ARC = YES;
				CLANG_WARN_BOOL_CONVERSION = YES;
				CLANG_WARN_CONSTANT_CONVERSION = YES;
				CLANG_WARN_DIRECT_OBJC_ISA_USAGE = YES_ERROR;
				CLANG_WARN_EMPTY_BODY = YES;
				CLANG_WARN_ENUM_CONVERSION = YES;
				CLANG_WARN_INT_CONVERSION = YES;
				CLANG_WARN_OBJC_ROOT_CLASS = YES_ERROR;
				CLANG_WARN_UNREACHABLE_CODE = YES;
				CLANG_WARN__DUPLICATE_METHOD_MATCH = YES;
				"CODE_SIGN_IDENTITY[sdk=iphoneos*]" = "iPhone Developer";
				COPY_PHASE_STRIP = NO;
				DEBUG_INFORMATION_FORMAT = "dwarf-with-dsym";
				ENABLE_STRICT_OBJC_MSGSEND = YES;
				GCC_C_LANGUAGE_STANDARD = gnu99;
				GCC_DYNAMIC_NO_PIC = NO;
				GCC_NO_COMMON_BLOCKS = YES;
				GCC_OPTIMIZATION_LEVEL = 0;
				GCC_PREPROCESSOR_DEFINITIONS = (
					"DEBUG=1",
					"$(inherited)",
				);
				GCC_SYMBOLS_PRIVATE_EXTERN = NO;
				GCC_WARN_64_TO_32_BIT_CONVERSION = YES;
				GCC_WARN_ABOUT_RETURN_TYPE = YES_ERROR;
				GCC_WARN_UNDECLARED_SELECTOR = YES;
				GCC_WARN_UNINITIALIZED_AUTOS = YES_AGGRESSIVE;
				GCC_WARN_UNUSED_FUNCTION = YES;
				GCC_WARN_UNUSED_VARIABLE = YES;
				IPHONEOS_DEPLOYMENT_TARGET = 8.4;
				MTL_ENABLE_DEBUG_INFO = YES;
				ONLY_ACTIVE_ARCH = YES;
				SDKROOT = iphoneos;
			};
			name = Debug;
		};
		3F1C56A21C18BE9000290638 /* Release */ = {
			isa = XCBuildConfiguration;
			buildSettings = {
				ALWAYS_SEARCH_USER_PATHS = NO;
				CLANG_CXX_LANGUAGE_STANDARD = "gnu++0x";
				CLANG_CXX_LIBRARY = "libc++";
				CLANG_ENABLE_MODULES = YES;
				CLANG_ENABLE_OBJC_ARC = YES;
				CLANG_WARN_BOOL_CONVERSION = YES;
				CLANG_WARN_CONSTANT_CONVERSION = YES;
				CLANG_WARN_DIRECT_OBJC_ISA_USAGE = YES_ERROR;
				CLANG_WARN_EMPTY_BODY = YES;
				CLANG_WARN_ENUM_CONVERSION = YES;
				CLANG_WARN_INT_CONVERSION = YES;
				CLANG_WARN_OBJC_ROOT_CLASS = YES_ERROR;
				CLANG_WARN_UNREACHABLE_CODE = YES;
				CLANG_WARN__DUPLICATE_METHOD_MATCH = YES;
				"CODE_SIGN_IDENTITY[sdk=iphoneos*]" = "iPhone Developer";
				COPY_PHASE_STRIP = NO;
				DEBUG_INFORMATION_FORMAT = "dwarf-with-dsym";
				ENABLE_NS_ASSERTIONS = NO;
				ENABLE_STRICT_OBJC_MSGSEND = YES;
				GCC_C_LANGUAGE_STANDARD = gnu99;
				GCC_NO_COMMON_BLOCKS = YES;
				GCC_WARN_64_TO_32_BIT_CONVERSION = YES;
				GCC_WARN_ABOUT_RETURN_TYPE = YES_ERROR;
				GCC_WARN_UNDECLARED_SELECTOR = YES;
				GCC_WARN_UNINITIALIZED_AUTOS = YES_AGGRESSIVE;
				GCC_WARN_UNUSED_FUNCTION = YES;
				GCC_WARN_UNUSED_VARIABLE = YES;
				IPHONEOS_DEPLOYMENT_TARGET = 8.4;
				MTL_ENABLE_DEBUG_INFO = NO;
				SDKROOT = iphoneos;
				VALIDATE_PRODUCT = YES;
			};
			name = Release;
		};
		3F1C56A41C18BE9000290638 /* Debug */ = {
			isa = XCBuildConfiguration;
			buildSettings = {
				ASSETCATALOG_COMPILER_APPICON_NAME = AppIcon;
				INFOPLIST_FILE = NewsList/Info.plist;
				LD_RUNPATH_SEARCH_PATHS = "$(inherited) @executable_path/Frameworks";
				PRODUCT_NAME = "$(TARGET_NAME)";
			};
			name = Debug;
		};
		3F1C56A51C18BE9000290638 /* Release */ = {
			isa = XCBuildConfiguration;
			buildSettings = {
				ASSETCATALOG_COMPILER_APPICON_NAME = AppIcon;
				INFOPLIST_FILE = NewsList/Info.plist;
				LD_RUNPATH_SEARCH_PATHS = "$(inherited) @executable_path/Frameworks";
				PRODUCT_NAME = "$(TARGET_NAME)";
			};
			name = Release;
		};
		3F1C56A71C18BE9000290638 /* Debug */ = {
			isa = XCBuildConfiguration;
			buildSettings = {
				BUNDLE_LOADER = "$(TEST_HOST)";
				FRAMEWORK_SEARCH_PATHS = (
					"$(SDKROOT)/Developer/Library/Frameworks",
					"$(inherited)",
				);
				GCC_PREPROCESSOR_DEFINITIONS = (
					"DEBUG=1",
					"$(inherited)",
				);
				INFOPLIST_FILE = NewsListTests/Info.plist;
				LD_RUNPATH_SEARCH_PATHS = "$(inherited) @executable_path/Frameworks @loader_path/Frameworks";
				PRODUCT_NAME = "$(TARGET_NAME)";
				TEST_HOST = "$(BUILT_PRODUCTS_DIR)/NewsList.app/NewsList";
			};
			name = Debug;
		};
		3F1C56A81C18BE9000290638 /* Release */ = {
			isa = XCBuildConfiguration;
			buildSettings = {
				BUNDLE_LOADER = "$(TEST_HOST)";
				FRAMEWORK_SEARCH_PATHS = (
					"$(SDKROOT)/Developer/Library/Frameworks",
					"$(inherited)",
				);
				INFOPLIST_FILE = NewsListTests/Info.plist;
				LD_RUNPATH_SEARCH_PATHS = "$(inherited) @executable_path/Frameworks @loader_path/Frameworks";
				PRODUCT_NAME = "$(TARGET_NAME)";
				TEST_HOST = "$(BUILT_PRODUCTS_DIR)/NewsList.app/NewsList";
			};
			name = Release;
		};
/* End XCBuildConfiguration section */

/* Begin XCConfigurationList section */
		3F1C567B1C18BE8F00290638 /* Build configuration list for PBXProject "NewsList" */ = {
			isa = XCConfigurationList;
			buildConfigurations = (
				3F1C56A11C18BE9000290638 /* Debug */,
				3F1C56A21C18BE9000290638 /* Release */,
			);
			defaultConfigurationIsVisible = 0;
			defaultConfigurationName = Release;
		};
		3F1C56A31C18BE9000290638 /* Build configuration list for PBXNativeTarget "NewsList" */ = {
			isa = XCConfigurationList;
			buildConfigurations = (
				3F1C56A41C18BE9000290638 /* Debug */,
				3F1C56A51C18BE9000290638 /* Release */,
			);
			defaultConfigurationIsVisible = 0;
			defaultConfigurationName = Release;
		};
		3F1C56A61C18BE9000290638 /* Build configuration list for PBXNativeTarget "NewsListTests" */ = {
			isa = XCConfigurationList;
			buildConfigurations = (
				3F1C56A71C18BE9000290638 /* Debug */,
				3F1C56A81C18BE9000290638 /* Release */,
			);
			defaultConfigurationIsVisible = 0;
			defaultConfigurationName = Release;
		};
/* End XCConfigurationList section */
	};
	rootObject = 3F1C56781C18BE8F00290638 /* Project object */;
}
